# This file is generated by running "yarn install" inside your project.
# Manual changes might be lost - proceed with caution!

__metadata:
  version: 8
  cacheKey: 10c0

"axios@npm:0.18.1":
  version: 0.18.1
  resolution: "axios@npm:0.18.1"
  dependencies:
    follow-redirects: "npm:1.5.10"
    is-buffer: "npm:^2.0.2"
  checksum: 10c0/13d86542ad3e1de286a6262213b1cd62654307d89617bef5015e82aad389408c6f66bafa1e467b80af971cfe5ac5ed0b40a250f682f46ab9a1487060f0b6b661
  languageName: node
  linkType: hard

"debug@npm:=3.1.0":
  version: 3.1.0
  resolution: "debug@npm:3.1.0"
  dependencies:
    ms: "npm:2.0.0"
  checksum: 10c0/5bff34a352d7b2eaa31886eeaf2ee534b5461ec0548315b2f9f80bd1d2533cab7df1fa52e130ce27bc31c3945fbffb0fc72baacdceb274b95ce853db89254ea4
  languageName: node
  linkType: hard

"follow-redirects@npm:1.5.10":
  version: 1.5.10
  resolution: "follow-redirects@npm:1.5.10"
  dependencies:
    debug: "npm:=3.1.0"
  checksum: 10c0/f56ca26dcf3c9996a6cf8868b61e369a35d4000ade0292bdd27b5e0934902681b037060b9fabe58e7042bb8b85166d5db8bbcf027f1825c1577e4cffd904fd3f
  languageName: node
  linkType: hard

"hono@npm:4.8.8":
  version: 4.8.8
  resolution: "hono@npm:4.8.8"
  checksum: 10c0/f5ede70bab908f324275086acb31230e8dec9aee07221a058a4c8b5736db6d6eb842000c82b41921893a18744f3352315a36876fb6c949beac395668eeab7453
  languageName: node
  linkType: hard

"is-buffer@npm:^2.0.2":
  version: 2.0.5
  resolution: "is-buffer@npm:2.0.5"
  checksum: 10c0/e603f6fced83cf94c53399cff3bda1a9f08e391b872b64a73793b0928be3e5f047f2bcece230edb7632eaea2acdbfcb56c23b33d8a20c820023b230f1485679a
  languageName: node
  linkType: hard

"ms@npm:2.0.0":
  version: 2.0.0
  resolution: "ms@npm:2.0.0"
  checksum: 10c0/f8fda810b39fd7255bbdc451c46286e549794fcc700dc9cd1d25658bbc4dc2563a5de6fe7c60f798a16a60c6ceb53f033cb353f493f0cf63e5199b702943159d
  languageName: node
  linkType: hard

"root-workspace-0b6124@workspace:.":
  version: 0.0.0-use.local
  resolution: "root-workspace-0b6124@workspace:."
  dependencies:
    axios: "npm:0.18.1"
    hono: "npm:4.8.8"
  languageName: unknown
  linkType: soft
