# This file is generated by running "yarn install" inside your project.
# Manual changes might be lost - proceed with caution!

__metadata:
  version: 8
  cacheKey: 10c0

"hono@npm:4.8.8":
  version: 4.8.8
  resolution: "hono@npm:4.8.8"
  checksum: 10c0/f5ede70bab908f324275086acb31230e8dec9aee07221a058a4c8b5736db6d6eb842000c82b41921893a18744f3352315a36876fb6c949beac395668eeab7453
  languageName: node
  linkType: hard

"root-workspace-0b6124@workspace:.":
  version: 0.0.0-use.local
  resolution: "root-workspace-0b6124@workspace:."
  dependencies:
    hono: "npm:4.8.8"
  languageName: unknown
  linkType: soft
